
Microsoft Visual Studio Solution File, Format Version 12.00
# Visual Studio Version 17
VisualStudioVersion = 17.0.31903.59
MinimumVisualStudioVersion = 10.0.40219.1
Project("{2150E333-8FDC-42A3-9474-1A3956D46DE8}") = "src", "src", "{827E0CD3-B72D-47B6-A68D-7590B98EB39B}"
EndProject
Project("{FAE04EC0-301F-11D3-BF4B-00C04F79EFBC}") = "PasswordKeeper.Core", "src\PasswordKeeper.Core\PasswordKeeper.Core.csproj", "{F3BD1041-31F1-494B-ACF4-1EB81CC30D1D}"
EndProject
Project("{FAE04EC0-301F-11D3-BF4B-00C04F79EFBC}") = "PasswordKeeper.App", "src\PasswordKeeper.App\PasswordKeeper.App.csproj", "{942B0834-4614-46B5-B3BE-A519F6B87AAF}"
EndProject
Project("{FAE04EC0-301F-11D3-BF4B-00C04F79EFBC}") = "PasswordKeeper.Tests", "tests\PasswordKeeper.Tests\PasswordKeeper.Tests.csproj", "{530CEC91-0CDB-4E08-85E0-4D1E90AF879E}"
EndProject
Global
	GlobalSection(SolutionConfigurationPlatforms) = preSolution
		Debug|Any CPU = Debug|Any CPU
		Debug|x64 = Debug|x64
		Debug|x86 = Debug|x86
		Release|Any CPU = Release|Any CPU
		Release|x64 = Release|x64
		Release|x86 = Release|x86
	EndGlobalSection
	GlobalSection(ProjectConfigurationPlatforms) = postSolution
		{F3BD1041-31F1-494B-ACF4-1EB81CC30D1D}.Debug|Any CPU.ActiveCfg = Debug|Any CPU
		{F3BD1041-31F1-494B-ACF4-1EB81CC30D1D}.Debug|Any CPU.Build.0 = Debug|Any CPU
		{F3BD1041-31F1-494B-ACF4-1EB81CC30D1D}.Debug|x64.ActiveCfg = Debug|Any CPU
		{F3BD1041-31F1-494B-ACF4-1EB81CC30D1D}.Debug|x64.Build.0 = Debug|Any CPU
		{F3BD1041-31F1-494B-ACF4-1EB81CC30D1D}.Debug|x86.ActiveCfg = Debug|Any CPU
		{F3BD1041-31F1-494B-ACF4-1EB81CC30D1D}.Debug|x86.Build.0 = Debug|Any CPU
		{F3BD1041-31F1-494B-ACF4-1EB81CC30D1D}.Release|Any CPU.ActiveCfg = Release|Any CPU
		{F3BD1041-31F1-494B-ACF4-1EB81CC30D1D}.Release|Any CPU.Build.0 = Release|Any CPU
		{F3BD1041-31F1-494B-ACF4-1EB81CC30D1D}.Release|x64.ActiveCfg = Release|Any CPU
		{F3BD1041-31F1-494B-ACF4-1EB81CC30D1D}.Release|x64.Build.0 = Release|Any CPU
		{F3BD1041-31F1-494B-ACF4-1EB81CC30D1D}.Release|x86.ActiveCfg = Release|Any CPU
		{F3BD1041-31F1-494B-ACF4-1EB81CC30D1D}.Release|x86.Build.0 = Release|Any CPU
		{942B0834-4614-46B5-B3BE-A519F6B87AAF}.Debug|Any CPU.ActiveCfg = Debug|Any CPU
		{942B0834-4614-46B5-B3BE-A519F6B87AAF}.Debug|Any CPU.Build.0 = Debug|Any CPU
		{942B0834-4614-46B5-B3BE-A519F6B87AAF}.Debug|x64.ActiveCfg = Debug|Any CPU
		{942B0834-4614-46B5-B3BE-A519F6B87AAF}.Debug|x64.Build.0 = Debug|Any CPU
		{942B0834-4614-46B5-B3BE-A519F6B87AAF}.Debug|x86.ActiveCfg = Debug|Any CPU
		{942B0834-4614-46B5-B3BE-A519F6B87AAF}.Debug|x86.Build.0 = Debug|Any CPU
		{942B0834-4614-46B5-B3BE-A519F6B87AAF}.Release|Any CPU.ActiveCfg = Release|Any CPU
		{942B0834-4614-46B5-B3BE-A519F6B87AAF}.Release|Any CPU.Build.0 = Release|Any CPU
		{942B0834-4614-46B5-B3BE-A519F6B87AAF}.Release|x64.ActiveCfg = Release|Any CPU
		{942B0834-4614-46B5-B3BE-A519F6B87AAF}.Release|x64.Build.0 = Release|Any CPU
		{942B0834-4614-46B5-B3BE-A519F6B87AAF}.Release|x86.ActiveCfg = Release|Any CPU
		{942B0834-4614-46B5-B3BE-A519F6B87AAF}.Release|x86.Build.0 = Release|Any CPU
		{530CEC91-0CDB-4E08-85E0-4D1E90AF879E}.Debug|Any CPU.ActiveCfg = Debug|Any CPU
		{530CEC91-0CDB-4E08-85E0-4D1E90AF879E}.Debug|Any CPU.Build.0 = Debug|Any CPU
		{530CEC91-0CDB-4E08-85E0-4D1E90AF879E}.Debug|x64.ActiveCfg = Debug|Any CPU
		{530CEC91-0CDB-4E08-85E0-4D1E90AF879E}.Debug|x64.Build.0 = Debug|Any CPU
		{530CEC91-0CDB-4E08-85E0-4D1E90AF879E}.Debug|x86.ActiveCfg = Debug|Any CPU
		{530CEC91-0CDB-4E08-85E0-4D1E90AF879E}.Debug|x86.Build.0 = Debug|Any CPU
		{530CEC91-0CDB-4E08-85E0-4D1E90AF879E}.Release|Any CPU.ActiveCfg = Release|Any CPU
		{530CEC91-0CDB-4E08-85E0-4D1E90AF879E}.Release|Any CPU.Build.0 = Release|Any CPU
		{530CEC91-0CDB-4E08-85E0-4D1E90AF879E}.Release|x64.ActiveCfg = Release|Any CPU
		{530CEC91-0CDB-4E08-85E0-4D1E90AF879E}.Release|x64.Build.0 = Release|Any CPU
		{530CEC91-0CDB-4E08-85E0-4D1E90AF879E}.Release|x86.ActiveCfg = Release|Any CPU
		{530CEC91-0CDB-4E08-85E0-4D1E90AF879E}.Release|x86.Build.0 = Release|Any CPU
	EndGlobalSection
	GlobalSection(SolutionProperties) = preSolution
		HideSolutionNode = FALSE
	EndGlobalSection
	GlobalSection(NestedProjects) = preSolution
		{F3BD1041-31F1-494B-ACF4-1EB81CC30D1D} = {827E0CD3-B72D-47B6-A68D-7590B98EB39B}
		{942B0834-4614-46B5-B3BE-A519F6B87AAF} = {827E0CD3-B72D-47B6-A68D-7590B98EB39B}
		{530CEC91-0CDB-4E08-85E0-4D1E90AF879E} = {827E0CD3-B72D-47B6-A68D-7590B98EB39B}
	EndGlobalSection
EndGlobal
